
Microsoft Visual Studio Solution File, Format Version 12.00
# Visual Studio Version 16
VisualStudioVersion = 16.0.31729.503
MinimumVisualStudioVersion = 10.0.40219.1
Project("{FAE04EC0-301F-11D3-BF4B-00C04F79EFBC}") = "Elibrary_management", "WebApplication1\Elibrary_management.csproj", "{327470A0-3518-432E-8D1D-E65076BA1EF4}"
EndProject
Global
	GlobalSection(SolutionConfigurationPlatforms) = preSolution
		Debug|Any CPU = Debug|Any CPU
		Release|Any CPU = Release|Any CPU
	EndGlobalSection
	GlobalSection(ProjectConfigurationPlatforms) = postSolution
		{327470A0-3518-432E-8D1D-E65076BA1EF4}.Debug|Any CPU.ActiveCfg = Debug|Any CPU
		{327470A0-3518-432E-8D1D-E65076BA1EF4}.Debug|Any CPU.Build.0 = Debug|Any CPU
		{327470A0-3518-432E-8D1D-E65076BA1EF4}.Release|Any CPU.ActiveCfg = Release|Any CPU
		{327470A0-3518-432E-8D1D-E65076BA1EF4}.Release|Any CPU.Build.0 = Release|Any CPU
	EndGlobalSection
	GlobalSection(SolutionProperties) = preSolution
		HideSolutionNode = FALSE
	EndGlobalSection
	GlobalSection(ExtensibilityGlobals) = postSolution
		SolutionGuid = {E4AC2ABE-D305-4794-A4AC-AFE8264D4D3C}
	EndGlobalSection
EndGlobal
